
Microsoft Visual Studio Solution File, Format Version 12.00
# Visual Studio Version 16
VisualStudioVersion = 16.0.31129.286
MinimumVisualStudioVersion = 10.0.40219.1
Project("{FAE04EC0-301F-11D3-BF4B-00C04F79EFBC}") = "LearnSelectionFilter", "LearnRevitApi\LearnSelectionFilter.csproj", "{02B64EB5-6DC7-46AD-824B-E714A9CC60E0}"
EndProject
Project("{FAE04EC0-301F-11D3-BF4B-00C04F79EFBC}") = "LearnCreateRibbon", "CreateRibbon\LearnCreateRibbon.csproj", "{65FE0713-DB27-4502-A98C-B767834CAB9A}"
EndProject
Project("{FAE04EC0-301F-11D3-BF4B-00C04F79EFBC}") = "LearnTransaction", "LearnTransaction\LearnTransaction.csproj", "{8AC45F64-F5A0-44CC-809E-F5533C7FD3A5}"
EndProject
Project("{FAE04EC0-301F-11D3-BF4B-00C04F79EFBC}") = "TakeuchiUtils", "TakeuchiUtils\TakeuchiUtils.csproj", "{13A33478-36E3-47D3-B093-5A7F03A78F54}"
EndProject
Project("{FAE04EC0-301F-11D3-BF4B-00C04F79EFBC}") = "LearnAPIBase", "LearnAPIBase\LearnAPIBase.csproj", "{9CDCF2E9-139C-433C-B431-083A00F4CCC1}"
EndProject
Project("{FAE04EC0-301F-11D3-BF4B-00C04F79EFBC}") = "WorkingWithView", "WorkingWithView\WorkingWithView.csproj", "{CD467A8F-29B7-47DA-BAD6-59EC5E155862}"
EndProject
Project("{FAE04EC0-301F-11D3-BF4B-00C04F79EFBC}") = "LearnEvent", "LearnEvent\LearnEvent.csproj", "{D7842F63-6B39-496B-900C-9A3C0B9BF352}"
EndProject
Project("{FAE04EC0-301F-11D3-BF4B-00C04F79EFBC}") = "RevitWPF", "Revit-WPF\RevitWPF.csproj", "{4065B2C4-C251-4F7F-BB38-9D268095E42F}"
EndProject
Global
	GlobalSection(SolutionConfigurationPlatforms) = preSolution
		Debug|Any CPU = Debug|Any CPU
		Release|Any CPU = Release|Any CPU
	EndGlobalSection
	GlobalSection(ProjectConfigurationPlatforms) = postSolution
		{02B64EB5-6DC7-46AD-824B-E714A9CC60E0}.Debug|Any CPU.ActiveCfg = Debug|Any CPU
		{02B64EB5-6DC7-46AD-824B-E714A9CC60E0}.Debug|Any CPU.Build.0 = Debug|Any CPU
		{02B64EB5-6DC7-46AD-824B-E714A9CC60E0}.Release|Any CPU.ActiveCfg = Release|Any CPU
		{02B64EB5-6DC7-46AD-824B-E714A9CC60E0}.Release|Any CPU.Build.0 = Release|Any CPU
		{65FE0713-DB27-4502-A98C-B767834CAB9A}.Debug|Any CPU.ActiveCfg = Debug|Any CPU
		{65FE0713-DB27-4502-A98C-B767834CAB9A}.Debug|Any CPU.Build.0 = Debug|Any CPU
		{65FE0713-DB27-4502-A98C-B767834CAB9A}.Release|Any CPU.ActiveCfg = Release|Any CPU
		{65FE0713-DB27-4502-A98C-B767834CAB9A}.Release|Any CPU.Build.0 = Release|Any CPU
		{8AC45F64-F5A0-44CC-809E-F5533C7FD3A5}.Debug|Any CPU.ActiveCfg = Debug|Any CPU
		{8AC45F64-F5A0-44CC-809E-F5533C7FD3A5}.Debug|Any CPU.Build.0 = Debug|Any CPU
		{8AC45F64-F5A0-44CC-809E-F5533C7FD3A5}.Release|Any CPU.ActiveCfg = Release|Any CPU
		{8AC45F64-F5A0-44CC-809E-F5533C7FD3A5}.Release|Any CPU.Build.0 = Release|Any CPU
		{13A33478-36E3-47D3-B093-5A7F03A78F54}.Debug|Any CPU.ActiveCfg = Debug|Any CPU
		{13A33478-36E3-47D3-B093-5A7F03A78F54}.Debug|Any CPU.Build.0 = Debug|Any CPU
		{13A33478-36E3-47D3-B093-5A7F03A78F54}.Release|Any CPU.ActiveCfg = Release|Any CPU
		{13A33478-36E3-47D3-B093-5A7F03A78F54}.Release|Any CPU.Build.0 = Release|Any CPU
		{9CDCF2E9-139C-433C-B431-083A00F4CCC1}.Debug|Any CPU.ActiveCfg = Debug|Any CPU
		{9CDCF2E9-139C-433C-B431-083A00F4CCC1}.Debug|Any CPU.Build.0 = Debug|Any CPU
		{9CDCF2E9-139C-433C-B431-083A00F4CCC1}.Release|Any CPU.ActiveCfg = Release|Any CPU
		{9CDCF2E9-139C-433C-B431-083A00F4CCC1}.Release|Any CPU.Build.0 = Release|Any CPU
		{CD467A8F-29B7-47DA-BAD6-59EC5E155862}.Debug|Any CPU.ActiveCfg = Debug|Any CPU
		{CD467A8F-29B7-47DA-BAD6-59EC5E155862}.Debug|Any CPU.Build.0 = Debug|Any CPU
		{CD467A8F-29B7-47DA-BAD6-59EC5E155862}.Release|Any CPU.ActiveCfg = Release|Any CPU
		{CD467A8F-29B7-47DA-BAD6-59EC5E155862}.Release|Any CPU.Build.0 = Release|Any CPU
		{D7842F63-6B39-496B-900C-9A3C0B9BF352}.Debug|Any CPU.ActiveCfg = Debug|Any CPU
		{D7842F63-6B39-496B-900C-9A3C0B9BF352}.Debug|Any CPU.Build.0 = Debug|Any CPU
		{D7842F63-6B39-496B-900C-9A3C0B9BF352}.Release|Any CPU.ActiveCfg = Release|Any CPU
		{D7842F63-6B39-496B-900C-9A3C0B9BF352}.Release|Any CPU.Build.0 = Release|Any CPU
		{4065B2C4-C251-4F7F-BB38-9D268095E42F}.Debug|Any CPU.ActiveCfg = Debug|Any CPU
		{4065B2C4-C251-4F7F-BB38-9D268095E42F}.Debug|Any CPU.Build.0 = Debug|Any CPU
		{4065B2C4-C251-4F7F-BB38-9D268095E42F}.Release|Any CPU.ActiveCfg = Release|Any CPU
		{4065B2C4-C251-4F7F-BB38-9D268095E42F}.Release|Any CPU.Build.0 = Release|Any CPU
	EndGlobalSection
	GlobalSection(SolutionProperties) = preSolution
		HideSolutionNode = FALSE
	EndGlobalSection
	GlobalSection(ExtensibilityGlobals) = postSolution
		SolutionGuid = {D5F1C990-2319-4CDD-AE3E-515169EB7886}
	EndGlobalSection
EndGlobal
